
Microsoft Visual Studio Solution File, Format Version 12.00
# Visual Studio 14
VisualStudioVersion = 14.0.23107.0
MinimumVisualStudioVersion = 10.0.40219.1
Project("{FAE04EC0-301F-11D3-BF4B-00C04F79EFBC}") = "Flux.Net", "Flux.Net\Flux.Net.csproj", "{54675217-AB37-4753-A4EF-DB91591AAF90}"
EndProject
Project("{FAE04EC0-301F-11D3-BF4B-00C04F79EFBC}") = "Flux.Net.Cmd", "Flux.Net.Cmd\Flux.Net.Cmd.csproj", "{3673F1FD-F66A-4CFC-AA43-F195296AE168}"
EndProject
Project("{FAE04EC0-301F-11D3-BF4B-00C04F79EFBC}") = "Flux.Net.Web", "Flux.Net.Web\Flux.Net.Web.csproj", "{3151BDDF-D18D-4191-81FF-2D67D6462613}"
EndProject
Global
	GlobalSection(SolutionConfigurationPlatforms) = preSolution
		Debug|Any CPU = Debug|Any CPU
		Release|Any CPU = Release|Any CPU
	EndGlobalSection
	GlobalSection(ProjectConfigurationPlatforms) = postSolution
		{54675217-AB37-4753-A4EF-DB91591AAF90}.Debug|Any CPU.ActiveCfg = Debug|Any CPU
		{54675217-AB37-4753-A4EF-DB91591AAF90}.Debug|Any CPU.Build.0 = Debug|Any CPU
		{54675217-AB37-4753-A4EF-DB91591AAF90}.Release|Any CPU.ActiveCfg = Release|Any CPU
		{54675217-AB37-4753-A4EF-DB91591AAF90}.Release|Any CPU.Build.0 = Release|Any CPU
		{3673F1FD-F66A-4CFC-AA43-F195296AE168}.Debug|Any CPU.ActiveCfg = Debug|Any CPU
		{3673F1FD-F66A-4CFC-AA43-F195296AE168}.Debug|Any CPU.Build.0 = Debug|Any CPU
		{3673F1FD-F66A-4CFC-AA43-F195296AE168}.Release|Any CPU.ActiveCfg = Release|Any CPU
		{3673F1FD-F66A-4CFC-AA43-F195296AE168}.Release|Any CPU.Build.0 = Release|Any CPU
		{3151BDDF-D18D-4191-81FF-2D67D6462613}.Debug|Any CPU.ActiveCfg = Debug|Any CPU
		{3151BDDF-D18D-4191-81FF-2D67D6462613}.Debug|Any CPU.Build.0 = Debug|Any CPU
		{3151BDDF-D18D-4191-81FF-2D67D6462613}.Release|Any CPU.ActiveCfg = Release|Any CPU
		{3151BDDF-D18D-4191-81FF-2D67D6462613}.Release|Any CPU.Build.0 = Release|Any CPU
	EndGlobalSection
	GlobalSection(SolutionProperties) = preSolution
		HideSolutionNode = FALSE
	EndGlobalSection
EndGlobal
